{
  "name": "roundly-rotate-file-transport",
  "version": "1.0.1",
  "lockfileVersion": 1,
  "requires": true,
  "dependencies": {
    "triple-beam": {
      "version": "1.2.0",
      "resolved": "https://registry.npmjs.org/triple-beam/-/triple-beam-1.2.0.tgz",
      "integrity": "sha512-nw1CkXiwTt0sdF0i+MRTvslFK7pme9sPGY1MjuZV14HB/pLL3Srw9LsphR1Qo0SYDPMFetpcY/bA3DjPA+R+1g=="
    },
    "winston-transport": {
      "version": "3.2.1",
      "resolved": "https://registry.npmjs.org/winston-transport/-/winston-transport-3.2.1.tgz",
      "integrity": "sha512-WPqbdAmMK/kfWCWKM2bA1o997wWPZ0jg5NpO8JPqoaDZgCiZnFpIEddcf7Ur4UZV2sYRUdySVBWKx0+gQQ/jrg=="
    }
  }
}
